PODS:
  - biometric_cipher (0.0.1):
    - Flutter
    - FlutterMacOS
  - Flutter (1.0.0)
  - integration_test (0.0.1):
    - Flutter

DEPENDENCIES:
  - biometric_cipher (from `.symlinks/plugins/biometric_cipher/darwin`)
  - Flutter (from `Flutter`)
  - integration_test (from `.symlinks/plugins/integration_test/ios`)

EXTERNAL SOURCES:
  biometric_cipher:
    :path: ".symlinks/plugins/biometric_cipher/darwin"
  Flutter:
    :path: Flutter
  integration_test:
    :path: ".symlinks/plugins/integration_test/ios"

SPEC CHECKSUMS:
  biometric_cipher: eb4b91010b7e7410ff7e9c7965dcceb0d8e1e042
  Flutter: cabc95a1d2626b1b06e7179b784ebcf0c0cde467
  integration_test: 4a889634ef21a45d28d50d622cf412dc6d9f586e

PODFILE CHECKSUM: 819463e6a0290f5a72f145ba7cde16e8b6ef0796

COCOAPODS: 1.16.2
