PODS:
  - FlutterMacOS (1.0.0)
  - secure_mnemonic (0.0.1):
    - Flutter
    - FlutterMacOS

DEPENDENCIES:
  - FlutterMacOS (from `Flutter/ephemeral`)
  - secure_mnemonic (from `Flutter/ephemeral/.symlinks/plugins/secure_mnemonic/darwin`)

EXTERNAL SOURCES:
  FlutterMacOS:
    :path: Flutter/ephemeral
  secure_mnemonic:
    :path: Flutter/ephemeral/.symlinks/plugins/secure_mnemonic/darwin

SPEC CHECKSUMS:
  FlutterMacOS: d0db08ddef1a9af05a5ec4b724367152bb0500b1
  secure_mnemonic: adcf8742d359488645e68e449db7640ec174746a

PODFILE CHECKSUM: 9ebaf0ce3d369aaa26a9ea0e159195ed94724cf3

COCOAPODS: 1.16.2
