PODS:
  - biometric_cipher (0.0.1):
    - Flutter
    - FlutterMacOS
  - Flutter (1.0.0)
  - objective_c (0.0.1):
    - Flutter
  - package_info_plus (0.4.5):
    - Flutter

DEPENDENCIES:
  - biometric_cipher (from `.symlinks/plugins/biometric_cipher/darwin`)
  - Flutter (from `Flutter`)
  - objective_c (from `.symlinks/plugins/objective_c/ios`)
  - package_info_plus (from `.symlinks/plugins/package_info_plus/ios`)

EXTERNAL SOURCES:
  biometric_cipher:
    :path: ".symlinks/plugins/biometric_cipher/darwin"
  Flutter:
    :path: Flutter
  objective_c:
    :path: ".symlinks/plugins/objective_c/ios"
  package_info_plus:
    :path: ".symlinks/plugins/package_info_plus/ios"

SPEC CHECKSUMS:
  biometric_cipher: eb4b91010b7e7410ff7e9c7965dcceb0d8e1e042
  Flutter: cabc95a1d2626b1b06e7179b784ebcf0c0cde467
  objective_c: 89e720c30d716b036faf9c9684022048eee1eee2
  package_info_plus: 40fe323c707fbe9980da318778268dc9a0238c46

PODFILE CHECKSUM: 3c63482e143d1b91d2d2560aee9fb04ecc74ac7e

COCOAPODS: 1.16.2
